
Microsoft Visual Studio Solution File, Format Version 12.00
# Visual Studio Version 17
VisualStudioVersion = 17.8.34511.84
MinimumVisualStudioVersion = 10.0.40219.1
Project("{FAE04EC0-301F-11D3-BF4B-00C04F79EFBC}") = "String Calculation", "String Calculation\String Calculation.csproj", "{7E73A968-2AAC-449F-8D14-2CEA1BAEDD85}"
EndProject
Global
	GlobalSection(SolutionConfigurationPlatforms) = preSolution
		Debug|Any CPU = Debug|Any CPU
		Release|Any CPU = Release|Any CPU
	EndGlobalSection
	GlobalSection(ProjectConfigurationPlatforms) = postSolution
		{7E73A968-2AAC-449F-8D14-2CEA1BAEDD85}.Debug|Any CPU.ActiveCfg = Debug|Any CPU
		{7E73A968-2AAC-449F-8D14-2CEA1BAEDD85}.Debug|Any CPU.Build.0 = Debug|Any CPU
		{7E73A968-2AAC-449F-8D14-2CEA1BAEDD85}.Release|Any CPU.ActiveCfg = Release|Any CPU
		{7E73A968-2AAC-449F-8D14-2CEA1BAEDD85}.Release|Any CPU.Build.0 = Release|Any CPU
	EndGlobalSection
	GlobalSection(SolutionProperties) = preSolution
		HideSolutionNode = FALSE
	EndGlobalSection
	GlobalSection(ExtensibilityGlobals) = postSolution
		SolutionGuid = {DE6C116C-839B-487A-85DD-AE07F6E75285}
	EndGlobalSection
EndGlobal
